
Microsoft Visual Studio Solution File, Format Version 12.00
# Visual Studio Version 17
VisualStudioVersion = 17.3.32929.385
MinimumVisualStudioVersion = 10.0.40219.1
Project("{9A19103F-16F7-4668-BE54-9A1E7A4F7556}") = "E_CommerceWebSite", "E-CommerceWebSite\E_CommerceWebSite.csproj", "{A1F90375-2C32-4AB3-9198-153405B84AB0}"
EndProject
Global
	GlobalSection(SolutionConfigurationPlatforms) = preSolution
		Debug|Any CPU = Debug|Any CPU
		Release|Any CPU = Release|Any CPU
	EndGlobalSection
	GlobalSection(ProjectConfigurationPlatforms) = postSolution
		{A1F90375-2C32-4AB3-9198-153405B84AB0}.Debug|Any CPU.ActiveCfg = Debug|Any CPU
		{A1F90375-2C32-4AB3-9198-153405B84AB0}.Debug|Any CPU.Build.0 = Debug|Any CPU
		{A1F90375-2C32-4AB3-9198-153405B84AB0}.Release|Any CPU.ActiveCfg = Release|Any CPU
		{A1F90375-2C32-4AB3-9198-153405B84AB0}.Release|Any CPU.Build.0 = Release|Any CPU
	EndGlobalSection
	GlobalSection(SolutionProperties) = preSolution
		HideSolutionNode = FALSE
	EndGlobalSection
	GlobalSection(ExtensibilityGlobals) = postSolution
		SolutionGuid = {88572AEE-C0B9-425D-8A2D-12256A375C3A}
	EndGlobalSection
EndGlobal
